
Microsoft Visual Studio Solution File, Format Version 12.00
# Visual Studio Version 16
VisualStudioVersion = 16.0.29521.150
MinimumVisualStudioVersion = 10.0.40219.1
Project("{FAE04EC0-301F-11D3-BF4B-00C04F79EFBC}") = "ArtavBlog", "ArtavBlog\ArtavBlog.csproj", "{ED1C53B1-0E91-41D6-88E0-94AB65CE5E0A}"
EndProject
Global
	GlobalSection(SolutionConfigurationPlatforms) = preSolution
		Debug|Any CPU = Debug|Any CPU
		Release|Any CPU = Release|Any CPU
	EndGlobalSection
	GlobalSection(ProjectConfigurationPlatforms) = postSolution
		{ED1C53B1-0E91-41D6-88E0-94AB65CE5E0A}.Debug|Any CPU.ActiveCfg = Debug|Any CPU
		{ED1C53B1-0E91-41D6-88E0-94AB65CE5E0A}.Debug|Any CPU.Build.0 = Debug|Any CPU
		{ED1C53B1-0E91-41D6-88E0-94AB65CE5E0A}.Release|Any CPU.ActiveCfg = Release|Any CPU
		{ED1C53B1-0E91-41D6-88E0-94AB65CE5E0A}.Release|Any CPU.Build.0 = Release|Any CPU
	EndGlobalSection
	GlobalSection(SolutionProperties) = preSolution
		HideSolutionNode = FALSE
	EndGlobalSection
	GlobalSection(ExtensibilityGlobals) = postSolution
		SolutionGuid = {C2E441D3-FC12-4F3F-AE40-71E9BD84D9FB}
	EndGlobalSection
EndGlobal
